{
    "_meta": {
        "hash": {
            "sha256": "89bd5150c00378480ab57c71ff7669707ea32c0aa22b1f747d88d400246947b1"
        },
        "host-environment-markers": {
            "implementation_name": "cpython",
            "implementation_version": "3.6.1",
            "os_name": "nt",
            "platform_machine": "AMD64",
            "platform_python_implementation": "CPython",
            "platform_release": "10",
            "platform_system": "Windows",
            "platform_version": "10.0.16299",
            "python_full_version": "3.6.1",
            "python_version": "3.6",
            "sys_platform": "win32"
        },
        "pipfile-spec": 6,
        "requires": {
            "python_version": "3.6"
        },
        "sources": [
            {
                "name": "pypi",
                "url": "https://pypi.douban.com/simple",
                "verify_ssl": true
            }
        ]
    },
    "default": {
        "django": {
            "hashes": [],
            "version": "==1.11.8"
        },
        "pytz": {
            "hashes": [],
            "version": "==2018.3"
        }
    },
    "develop": {}
}
